
Microsoft Visual Studio Solution File, Format Version 12.00
# Visual Studio Version 17
VisualStudioVersion = 17.7.34202.233
MinimumVisualStudioVersion = 10.0.40219.1
Project("{FAE04EC0-301F-11D3-BF4B-00C04F79EFBC}") = "GameFeaver5", "GameFeaver5.csproj", "{BA97D8D2-CB93-4C90-AE68-12C73D972B5D}"
EndProject
Global
	GlobalSection(SolutionConfigurationPlatforms) = preSolution
		Debug|Any CPU = Debug|Any CPU
		Release|Any CPU = Release|Any CPU
	EndGlobalSection
	GlobalSection(ProjectConfigurationPlatforms) = postSolution
		{BA97D8D2-CB93-4C90-AE68-12C73D972B5D}.Debug|Any CPU.ActiveCfg = Debug|Any CPU
		{BA97D8D2-CB93-4C90-AE68-12C73D972B5D}.Debug|Any CPU.Build.0 = Debug|Any CPU
		{BA97D8D2-CB93-4C90-AE68-12C73D972B5D}.Debug|Any CPU.Deploy.0 = Debug|Any CPU
		{BA97D8D2-CB93-4C90-AE68-12C73D972B5D}.Release|Any CPU.ActiveCfg = Release|Any CPU
		{BA97D8D2-CB93-4C90-AE68-12C73D972B5D}.Release|Any CPU.Build.0 = Release|Any CPU
		{BA97D8D2-CB93-4C90-AE68-12C73D972B5D}.Release|Any CPU.Deploy.0 = Release|Any CPU
	EndGlobalSection
	GlobalSection(SolutionProperties) = preSolution
		HideSolutionNode = FALSE
	EndGlobalSection
	GlobalSection(ExtensibilityGlobals) = postSolution
		SolutionGuid = {271BB225-3F78-44EC-BFC5-3A93C3829A5E}
	EndGlobalSection
EndGlobal
