# This file is automatically @generated by Poetry 1.5.1 and should not be changed by hand.

[[package]]
name = "bitstring"
version = "4.0.2"
description = "Simple construction, analysis and modification of binary data."
optional = false
python-versions = ">=3.7"
files = [
    {file = "bitstring-4.0.2-py3-none-any.whl", hash = "sha256:f93893791e8a6ecb02adcc5c191aaa964a06a9e1449e326cfb4f49ff5198e588"},
    {file = "bitstring-4.0.2.tar.gz", hash = "sha256:a391db8828ac4485dd5ce72c80b27ebac3e7b989631359959e310cd9729723b2"},
]

[metadata]
lock-version = "2.0"
python-versions = "^3.11"
content-hash = "7a41fd8d52fc04551361af46e0d0a8ed0d095765ceb8f935e5d9077d9b2ea93d"
